// !$*UTF8*$!
{
	archiveVersion = 1;
	classes = {
	};
	objectVersion = 50;
	objects = {

/* Begin PBXBuildFile section */
		23044F2D21E26C1300C9D481 /* AppDelegate.swift in Sources */ = {isa = PBXBuildFile; fileRef = 23044F2C21E26C1300C9D481 /* AppDelegate.swift */; };
		23044F2F21E26C1300C9D481 /* ViewController.swift in Sources */ = {isa = PBXBuildFile; fileRef = 23044F2E21E26C1300C9D481 /* ViewController.swift */; };
		23044F3221E26C1300C9D481 /* Main.storyboard in Resources */ = {isa = PBXBuildFile; fileRef = 23044F3021E26C1300C9D481 /* Main.storyboard */; };
		23044F3421E26C1400C9D481 /* Assets.xcassets in Resources */ = {isa = PBXBuildFile; fileRef = 23044F3321E26C1400C9D481 /* Assets.xcassets */; };
		23044F3721E26C1400C9D481 /* LaunchScreen.storyboard in Resources */ = {isa = PBXBuildFile; fileRef = 23044F3521E26C1400C9D481 /* LaunchScreen.storyboard */; };
		23044F4521E29C2400C9D481 /* TravisCITestTests.swift in Sources */ = {isa = PBXBuildFile; fileRef = 23044F4421E29C2400C9D481 /* TravisCITestTests.swift */; };
		23044F4C21E29C3D00C9D481 /* ViewController.swift in Sources */ = {isa = PBXBuildFile; fileRef = 23044F2E21E26C1300C9D481 /* ViewController.swift */; };
		23044F4D21E29C4100C9D481 /* Main.storyboard in Resources */ = {isa = PBXBuildFile; fileRef = 23044F3021E26C1300C9D481 /* Main.storyboard */; };
		23044F4E21E29C4300C9D481 /* AppDelegate.swift in Sources */ = {isa = PBXBuildFile; fileRef = 23044F2C21E26C1300C9D481 /* AppDelegate.swift */; };
/* End PBXBuildFile section */

/* Begin PBXContainerItemProxy section */
		23044F4721E29C2400C9D481 /* PBXContainerItemProxy */ = {
			isa = PBXContainerItemProxy;
			containerPortal = 23044F2121E26C1300C9D481 /* Project object */;
			proxyType = 1;
			remoteGlobalIDString = 23044F2821E26C1300C9D481;
			remoteInfo = TravisCITest;
		};
/* End PBXContainerItemProxy section */

/* Begin PBXFileReference section */
		23044F2921E26C1300C9D481 /* TravisCITest.app */ = {isa = PBXFileReference; explicitFileType = wrapper.application; includeInIndex = 0; path = TravisCITest.app; sourceTree = BUILT_PRODUCTS_DIR; };
		23044F2C21E26C1300C9D481 /* AppDelegate.swift */ = {isa = PBXFileReference; lastKnownFileType = sourcecode.swift; path = AppDelegate.swift; sourceTree = "<group>"; };
		23044F2E21E26C1300C9D481 /* ViewController.swift */ = {isa = PBXFileReference; lastKnownFileType = sourcecode.swift; path = ViewController.swift; sourceTree = "<group>"; };
		23044F3121E26C1300C9D481 /* Base */ = {isa = PBXFileReference; lastKnownFileType = file.storyboard; name = Base; path = Base.lproj/Main.storyboard; sourceTree = "<group>"; };
		23044F3321E26C1400C9D481 /* Assets.xcassets */ = {isa = PBXFileReference; lastKnownFileType = folder.assetcatalog; path = Assets.xcassets; sourceTree = "<group>"; };
		23044F3621E26C1400C9D481 /* Base */ = {isa = PBXFileReference; lastKnownFileType = file.storyboard; name = Base; path = Base.lproj/LaunchScreen.storyboard; sourceTree = "<group>"; };
		23044F3821E26C1400C9D481 /* Info.plist */ = {isa = PBXFileReference; lastKnownFileType = text.plist.xml; path = Info.plist; sourceTree = "<group>"; };
		23044F4221E29C2400C9D481 /* TravisCITestTests.xctest */ = {isa = PBXFileReference; explicitFileType = wrapper.cfbundle; includeInIndex = 0; path = TravisCITestTests.xctest; sourceTree = BUILT_PRODUCTS_DIR; };
		23044F4421E29C2400C9D481 /* TravisCITestTests.swift */ = {isa = PBXFileReference; lastKnownFileType = sourcecode.swift; path = TravisCITestTests.swift; sourceTree = "<group>"; };
		23044F4621E29C2400C9D481 /* Info.plist */ = {isa = PBXFileReference; lastKnownFileType = text.plist.xml; path = Info.plist; sourceTree = "<group>"; };
		614BA442C265F1D3C180EE99 /* Pods-TravisCITest.release.xcconfig */ = {isa = PBXFileReference; includeInIndex = 1; lastKnownFileType = text.xcconfig; name = "Pods-TravisCITest.release.xcconfig"; path = "Pods/Target Support Files/Pods-TravisCITest/Pods-TravisCITest.release.xcconfig"; sourceTree = "<group>"; };
		E834E0F9BC516078FE179457 /* Pods-TravisCITest.debug.xcconfig */ = {isa = PBXFileReference; includeInIndex = 1; lastKnownFileType = text.xcconfig; name = "Pods-TravisCITest.debug.xcconfig"; path = "Pods/Target Support Files/Pods-TravisCITest/Pods-TravisCITest.debug.xcconfig"; sourceTree = "<group>"; };
		F05938EA99B44020B49B7960 /* Pods_TravisCITest.framework */ = {isa = PBXFileReference; explicitFileType = wrapper.framework; includeInIndex = 0; path = Pods_TravisCITest.framework; sourceTree = BUILT_PRODUCTS_DIR; };
/* End PBXFileReference section */

/* Begin PBXFrameworksBuildPhase section */
		23044F2621E26C1300C9D481 /* Frameworks */ = {
			isa = PBXFrameworksBuildPhase;
			buildActionMask = 2147483647;
			files = (
			);
			runOnlyForDeploymentPostprocessing = 0;
		};
		23044F3F21E29C2400C9D481 /* Frameworks */ = {
			isa = PBXFrameworksBuildPhase;
			buildActionMask = 2147483647;
			files = (
			);
			runOnlyForDeploymentPostprocessing = 0;
		};
/* End PBXFrameworksBuildPhase section */

/* Begin PBXGroup section */
		23044F2021E26C1300C9D481 = {
			isa = PBXGroup;
			children = (
				23044F2B21E26C1300C9D481 /* TravisCITest */,
				23044F4321E29C2400C9D481 /* TravisCITestTests */,
				23044F2A21E26C1300C9D481 /* Products */,
				24D7DB4BC42C92398CC7B097 /* Pods */,
				90A2A430CA188E3985D2E93B /* Frameworks */,
			);
			sourceTree = "<group>";
		};
		23044F2A21E26C1300C9D481 /* Products */ = {
			isa = PBXGroup;
			children = (
				23044F2921E26C1300C9D481 /* TravisCITest.app */,
				23044F4221E29C2400C9D481 /* TravisCITestTests.xctest */,
			);
			name = Products;
			sourceTree = "<group>";
		};
		23044F2B21E26C1300C9D481 /* TravisCITest */ = {
			isa = PBXGroup;
			children = (
				23044F2C21E26C1300C9D481 /* AppDelegate.swift */,
				23044F2E21E26C1300C9D481 /* ViewController.swift */,
				23044F3021E26C1300C9D481 /* Main.storyboard */,
				23044F3321E26C1400C9D481 /* Assets.xcassets */,
				23044F3521E26C1400C9D481 /* LaunchScreen.storyboard */,
				23044F3821E26C1400C9D481 /* Info.plist */,
			);
			path = TravisCITest;
			sourceTree = "<group>";
		};
		23044F4321E29C2400C9D481 /* TravisCITestTests */ = {
			isa = PBXGroup;
			children = (
				23044F4421E29C2400C9D481 /* TravisCITestTests.swift */,
				23044F4621E29C2400C9D481 /* Info.plist */,
			);
			path = TravisCITestTests;
			sourceTree = "<group>";
		};
		24D7DB4BC42C92398CC7B097 /* Pods */ = {
			isa = PBXGroup;
			children = (
				E834E0F9BC516078FE179457 /* Pods-TravisCITest.debug.xcconfig */,
				614BA442C265F1D3C180EE99 /* Pods-TravisCITest.release.xcconfig */,
			);
			name = Pods;
			sourceTree = "<group>";
		};
		90A2A430CA188E3985D2E93B /* Frameworks */ = {
			isa = PBXGroup;
			children = (
				F05938EA99B44020B49B7960 /* Pods_TravisCITest.framework */,
			);
			name = Frameworks;
			sourceTree = "<group>";
		};
/* End PBXGroup section */

/* Begin PBXNativeTarget section */
		23044F2821E26C1300C9D481 /* TravisCITest */ = {
			isa = PBXNativeTarget;
			buildConfigurationList = 23044F3B21E26C1400C9D481 /* Build configuration list for PBXNativeTarget "TravisCITest" */;
			buildPhases = (
				71D2CD1E2F00DB6F4588A69C /* [CP] Check Pods Manifest.lock */,
				23044F2521E26C1300C9D481 /* Sources */,
				23044F2621E26C1300C9D481 /* Frameworks */,
				23044F2721E26C1300C9D481 /* Resources */,
			);
			buildRules = (
			);
			dependencies = (
			);
			name = TravisCITest;
			productName = TravisCITest;
			productReference = 23044F2921E26C1300C9D481 /* TravisCITest.app */;
			productType = "com.apple.product-type.application";
		};
		23044F4121E29C2400C9D481 /* TravisCITestTests */ = {
			isa = PBXNativeTarget;
			buildConfigurationList = 23044F4B21E29C2400C9D481 /* Build configuration list for PBXNativeTarget "TravisCITestTests" */;
			buildPhases = (
				23044F3E21E29C2400C9D481 /* Sources */,
				23044F3F21E29C2400C9D481 /* Frameworks */,
				23044F4021E29C2400C9D481 /* Resources */,
			);
			buildRules = (
			);
			dependencies = (
				23044F4821E29C2400C9D481 /* PBXTargetDependency */,
			);
			name = TravisCITestTests;
			productName = TravisCITestTests;
			productReference = 23044F4221E29C2400C9D481 /* TravisCITestTests.xctest */;
			productType = "com.apple.product-type.bundle.unit-test";
		};
/* End PBXNativeTarget section */

/* Begin PBXProject section */
		23044F2121E26C1300C9D481 /* Project object */ = {
			isa = PBXProject;
			attributes = {
				LastSwiftUpdateCheck = 1010;
				LastUpgradeCheck = 1010;
				ORGANIZATIONNAME = "Nikolay Karataev";
				TargetAttributes = {
					23044F2821E26C1300C9D481 = {
						CreatedOnToolsVersion = 10.1;
					};
					23044F4121E29C2400C9D481 = {
						CreatedOnToolsVersion = 10.1;
						TestTargetID = 23044F2821E26C1300C9D481;
					};
				};
			};
			buildConfigurationList = 23044F2421E26C1300C9D481 /* Build configuration list for PBXProject "TravisCITest" */;
			compatibilityVersion = "Xcode 9.3";
			developmentRegion = en;
			hasScannedForEncodings = 0;
			knownRegions = (
				en,
				Base,
			);
			mainGroup = 23044F2021E26C1300C9D481;
			productRefGroup = 23044F2A21E26C1300C9D481 /* Products */;
			projectDirPath = "";
			projectRoot = "";
			targets = (
				23044F2821E26C1300C9D481 /* TravisCITest */,
				23044F4121E29C2400C9D481 /* TravisCITestTests */,
			);
		};
/* End PBXProject section */

/* Begin PBXResourcesBuildPhase section */
		23044F2721E26C1300C9D481 /* Resources */ = {
			isa = PBXResourcesBuildPhase;
			buildActionMask = 2147483647;
			files = (
				23044F3721E26C1400C9D481 /* LaunchScreen.storyboard in Resources */,
				23044F3421E26C1400C9D481 /* Assets.xcassets in Resources */,
				23044F3221E26C1300C9D481 /* Main.storyboard in Resources */,
			);
			runOnlyForDeploymentPostprocessing = 0;
		};
		23044F4021E29C2400C9D481 /* Resources */ = {
			isa = PBXResourcesBuildPhase;
			buildActionMask = 2147483647;
			files = (
				23044F4D21E29C4100C9D481 /* Main.storyboard in Resources */,
			);
			runOnlyForDeploymentPostprocessing = 0;
		};
/* End PBXResourcesBuildPhase section */

/* Begin PBXShellScriptBuildPhase section */
		71D2CD1E2F00DB6F4588A69C /* [CP] Check Pods Manifest.lock */ = {
			isa = PBXShellScriptBuildPhase;
			buildActionMask = 2147483647;
			files = (
			);
			inputFileListPaths = (
			);
			inputPaths = (
				"${PODS_PODFILE_DIR_PATH}/Podfile.lock",
				"${PODS_ROOT}/Manifest.lock",
			);
			name = "[CP] Check Pods Manifest.lock";
			outputFileListPaths = (
			);
			outputPaths = (
				"$(DERIVED_FILE_DIR)/Pods-TravisCITest-checkManifestLockResult.txt",
			);
			runOnlyForDeploymentPostprocessing = 0;
			shellPath = /bin/sh;
			shellScript = "diff \"${PODS_PODFILE_DIR_PATH}/Podfile.lock\" \"${PODS_ROOT}/Manifest.lock\" > /dev/null\nif [ $? != 0 ] ; then\n    # print error to STDERR\n    echo \"error: The sandbox is not in sync with the Podfile.lock. Run 'pod install' or update your CocoaPods installation.\" >&2\n    exit 1\nfi\n# This output is used by Xcode 'outputs' to avoid re-running this script phase.\necho \"SUCCESS\" > \"${SCRIPT_OUTPUT_FILE_0}\"\n";
			showEnvVarsInLog = 0;
		};
/* End PBXShellScriptBuildPhase section */

/* Begin PBXSourcesBuildPhase section */
		23044F2521E26C1300C9D481 /* Sources */ = {
			isa = PBXSourcesBuildPhase;
			buildActionMask = 2147483647;
			files = (
				23044F2F21E26C1300C9D481 /* ViewController.swift in Sources */,
				23044F2D21E26C1300C9D481 /* AppDelegate.swift in Sources */,
			);
			runOnlyForDeploymentPostprocessing = 0;
		};
		23044F3E21E29C2400C9D481 /* Sources */ = {
			isa = PBXSourcesBuildPhase;
			buildActionMask = 2147483647;
			files = (
				23044F4E21E29C4300C9D481 /* AppDelegate.swift in Sources */,
				23044F4C21E29C3D00C9D481 /* ViewController.swift in Sources */,
				23044F4521E29C2400C9D481 /* TravisCITestTests.swift in Sources */,
			);
			runOnlyForDeploymentPostprocessing = 0;
		};
/* End PBXSourcesBuildPhase section */

/* Begin PBXTargetDependency section */
		23044F4821E29C2400C9D481 /* PBXTargetDependency */ = {
			isa = PBXTargetDependency;
			target = 23044F2821E26C1300C9D481 /* TravisCITest */;
			targetProxy = 23044F4721E29C2400C9D481 /* PBXContainerItemProxy */;
		};
/* End PBXTargetDependency section */

/* Begin PBXVariantGroup section */
		23044F3021E26C1300C9D481 /* Main.storyboard */ = {
			isa = PBXVariantGroup;
			children = (
				23044F3121E26C1300C9D481 /* Base */,
			);
			name = Main.storyboard;
			sourceTree = "<group>";
		};
		23044F3521E26C1400C9D481 /* LaunchScreen.storyboard */ = {
			isa = PBXVariantGroup;
			children = (
				23044F3621E26C1400C9D481 /* Base */,
			);
			name = LaunchScreen.storyboard;
			sourceTree = "<group>";
		};
/* End PBXVariantGroup section */

/* Begin XCBuildConfiguration section */
		23044F3921E26C1400C9D481 /* Debug */ = {
			isa = XCBuildConfiguration;
			buildSettings = {
				ALWAYS_SEARCH_USER_PATHS = NO;
				CLANG_ANALYZER_NONNULL = YES;
				CLANG_ANALYZER_NUMBER_OBJECT_CONVERSION = YES_AGGRESSIVE;
				CLANG_CXX_LANGUAGE_STANDARD = "gnu++14";
				CLANG_CXX_LIBRARY = "libc++";
				CLANG_ENABLE_MODULES = YES;
				CLANG_ENABLE_OBJC_ARC = YES;
				CLANG_ENABLE_OBJC_WEAK = YES;
				CLANG_WARN_BLOCK_CAPTURE_AUTORELEASING = YES;
				CLANG_WARN_BOOL_CONVERSION = YES;
				CLANG_WARN_COMMA = YES;
				CLANG_WARN_CONSTANT_CONVERSION = YES;
				CLANG_WARN_DEPRECATED_OBJC_IMPLEMENTATIONS = YES;
				CLANG_WARN_DIRECT_OBJC_ISA_USAGE = YES_ERROR;
				CLANG_WARN_DOCUMENTATION_COMMENTS = YES;
				CLANG_WARN_EMPTY_BODY = YES;
				CLANG_WARN_ENUM_CONVERSION = YES;
				CLANG_WARN_INFINITE_RECURSION = YES;
				CLANG_WARN_INT_CONVERSION = YES;
				CLANG_WARN_NON_LITERAL_NULL_CONVERSION = YES;
				CLANG_WARN_OBJC_IMPLICIT_RETAIN_SELF = YES;
				CLANG_WARN_OBJC_LITERAL_CONVERSION = YES;
				CLANG_WARN_OBJC_ROOT_CLASS = YES_ERROR;
				CLANG_WARN_RANGE_LOOP_ANALYSIS = YES;
				CLANG_WARN_STRICT_PROTOTYPES = YES;
				CLANG_WARN_SUSPICIOUS_MOVE = YES;
				CLANG_WARN_UNGUARDED_AVAILABILITY = YES_AGGRESSIVE;
				CLANG_WARN_UNREACHABLE_CODE = YES;
				CLANG_WARN__DUPLICATE_METHOD_MATCH = YES;
				CODE_SIGN_IDENTITY = "iPhone Developer";
				COPY_PHASE_STRIP = NO;
				DEBUG_INFORMATION_FORMAT = dwarf;
				ENABLE_STRICT_OBJC_MSGSEND = YES;
				ENABLE_TESTABILITY = YES;
				GCC_C_LANGUAGE_STANDARD = gnu11;
				GCC_DYNAMIC_NO_PIC = NO;
				GCC_NO_COMMON_BLOCKS = YES;
				GCC_OPTIMIZATION_LEVEL = 0;
				GCC_PREPROCESSOR_DEFINITIONS = (
					"DEBUG=1",
					"$(inherited)",
				);
				GCC_WARN_64_TO_32_BIT_CONVERSION = YES;
				GCC_WARN_ABOUT_RETURN_TYPE = YES_ERROR;
				GCC_WARN_UNDECLARED_SELECTOR = YES;
				GCC_WARN_UNINITIALIZED_AUTOS = YES_AGGRESSIVE;
				GCC_WARN_UNUSED_FUNCTION = YES;
				GCC_WARN_UNUSED_VARIABLE = YES;
				IPHONEOS_DEPLOYMENT_TARGET = 12.1;
				MTL_ENABLE_DEBUG_INFO = INCLUDE_SOURCE;
				MTL_FAST_MATH = YES;
				ONLY_ACTIVE_ARCH = YES;
				SDKROOT = iphoneos;
				SWIFT_ACTIVE_COMPILATION_CONDITIONS = DEBUG;
				SWIFT_OPTIMIZATION_LEVEL = "-Onone";
			};
			name = Debug;
		};
		23044F3A21E26C1400C9D481 /* Release */ = {
			isa = XCBuildConfiguration;
			buildSettings = {
				ALWAYS_SEARCH_USER_PATHS = NO;
				CLANG_ANALYZER_NONNULL = YES;
				CLANG_ANALYZER_NUMBER_OBJECT_CONVERSION = YES_AGGRESSIVE;
				CLANG_CXX_LANGUAGE_STANDARD = "gnu++14";
				CLANG_CXX_LIBRARY = "libc++";
				CLANG_ENABLE_MODULES = YES;
				CLANG_ENABLE_OBJC_ARC = YES;
				CLANG_ENABLE_OBJC_WEAK = YES;
				CLANG_WARN_BLOCK_CAPTURE_AUTORELEASING = YES;
				CLANG_WARN_BOOL_CONVERSION = YES;
				CLANG_WARN_COMMA = YES;
				CLANG_WARN_CONSTANT_CONVERSION = YES;
				CLANG_WARN_DEPRECATED_OBJC_IMPLEMENTATIONS = YES;
				CLANG_WARN_DIRECT_OBJC_ISA_USAGE = YES_ERROR;
				CLANG_WARN_DOCUMENTATION_COMMENTS = YES;
				CLANG_WARN_EMPTY_BODY = YES;
				CLANG_WARN_ENUM_CONVERSION = YES;
				CLANG_WARN_INFINITE_RECURSION = YES;
				CLANG_WARN_INT_CONVERSION = YES;
				CLANG_WARN_NON_LITERAL_NULL_CONVERSION = YES;
				CLANG_WARN_OBJC_IMPLICIT_RETAIN_SELF = YES;
				CLANG_WARN_OBJC_LITERAL_CONVERSION = YES;
				CLANG_WARN_OBJC_ROOT_CLASS = YES_ERROR;
				CLANG_WARN_RANGE_LOOP_ANALYSIS = YES;
				CLANG_WARN_STRICT_PROTOTYPES = YES;
				CLANG_WARN_SUSPICIOUS_MOVE = YES;
				CLANG_WARN_UNGUARDED_AVAILABILITY = YES_AGGRESSIVE;
				CLANG_WARN_UNREACHABLE_CODE = YES;
				CLANG_WARN__DUPLICATE_METHOD_MATCH = YES;
				CODE_SIGN_IDENTITY = "iPhone Developer";
				COPY_PHASE_STRIP = NO;
				DEBUG_INFORMATION_FORMAT = "dwarf-with-dsym";
				ENABLE_NS_ASSERTIONS = NO;
				ENABLE_STRICT_OBJC_MSGSEND = YES;
				GCC_C_LANGUAGE_STANDARD = gnu11;
				GCC_NO_COMMON_BLOCKS = YES;
				GCC_WARN_64_TO_32_BIT_CONVERSION = YES;
				GCC_WARN_ABOUT_RETURN_TYPE = YES_ERROR;
				GCC_WARN_UNDECLARED_SELECTOR = YES;
				GCC_WARN_UNINITIALIZED_AUTOS = YES_AGGRESSIVE;
				GCC_WARN_UNUSED_FUNCTION = YES;
				GCC_WARN_UNUSED_VARIABLE = YES;
				IPHONEOS_DEPLOYMENT_TARGET = 12.1;
				MTL_ENABLE_DEBUG_INFO = NO;
				MTL_FAST_MATH = YES;
				SDKROOT = iphoneos;
				SWIFT_COMPILATION_MODE = wholemodule;
				SWIFT_OPTIMIZATION_LEVEL = "-O";
				VALIDATE_PRODUCT = YES;
			};
			name = Release;
		};
		23044F3C21E26C1400C9D481 /* Debug */ = {
			isa = XCBuildConfiguration;
			baseConfigurationReference = E834E0F9BC516078FE179457 /* Pods-TravisCITest.debug.xcconfig */;
			buildSettings = {
				ASSETCATALOG_COMPILER_APPICON_NAME = AppIcon;
				CODE_SIGN_STYLE = Automatic;
				DEVELOPMENT_TEAM = 9M3H5UG9EK;
				INFOPLIST_FILE = TravisCITest/Info.plist;
				LD_RUNPATH_SEARCH_PATHS = (
					"$(inherited)",
					"@executable_path/Frameworks",
				);
				PRODUCT_BUNDLE_IDENTIFIER = net.karataev.TravisCITest;
				PRODUCT_NAME = "$(TARGET_NAME)";
				SWIFT_VERSION = 4.2;
				TARGETED_DEVICE_FAMILY = "1,2";
			};
			name = Debug;
		};
		23044F3D21E26C1400C9D481 /* Release */ = {
			isa = XCBuildConfiguration;
			baseConfigurationReference = 614BA442C265F1D3C180EE99 /* Pods-TravisCITest.release.xcconfig */;
			buildSettings = {
				ASSETCATALOG_COMPILER_APPICON_NAME = AppIcon;
				CODE_SIGN_STYLE = Automatic;
				DEVELOPMENT_TEAM = 9M3H5UG9EK;
				INFOPLIST_FILE = TravisCITest/Info.plist;
				LD_RUNPATH_SEARCH_PATHS = (
					"$(inherited)",
					"@executable_path/Frameworks",
				);
				PRODUCT_BUNDLE_IDENTIFIER = net.karataev.TravisCITest;
				PRODUCT_NAME = "$(TARGET_NAME)";
				SWIFT_VERSION = 4.2;
				TARGETED_DEVICE_FAMILY = "1,2";
			};
			name = Release;
		};
		23044F4921E29C2400C9D481 /* Debug */ = {
			isa = XCBuildConfiguration;
			buildSettings = {
				BUNDLE_LOADER = "$(TEST_HOST)";
				CODE_SIGN_STYLE = Automatic;
				DEVELOPMENT_TEAM = 9M3H5UG9EK;
				INFOPLIST_FILE = TravisCITestTests/Info.plist;
				LD_RUNPATH_SEARCH_PATHS = (
					"$(inherited)",
					"@executable_path/Frameworks",
					"@loader_path/Frameworks",
				);
				PRODUCT_BUNDLE_IDENTIFIER = net.karataev.TravisCITestTests;
				PRODUCT_NAME = "$(TARGET_NAME)";
				SWIFT_VERSION = 4.2;
				TARGETED_DEVICE_FAMILY = "1,2";
				TEST_HOST = "$(BUILT_PRODUCTS_DIR)/TravisCITest.app/TravisCITest";
			};
			name = Debug;
		};
		23044F4A21E29C2400C9D481 /* Release */ = {
			isa = XCBuildConfiguration;
			buildSettings = {
				BUNDLE_LOADER = "$(TEST_HOST)";
				CODE_SIGN_STYLE = Automatic;
				DEVELOPMENT_TEAM = 9M3H5UG9EK;
				INFOPLIST_FILE = TravisCITestTests/Info.plist;
				LD_RUNPATH_SEARCH_PATHS = (
					"$(inherited)",
					"@executable_path/Frameworks",
					"@loader_path/Frameworks",
				);
				PRODUCT_BUNDLE_IDENTIFIER = net.karataev.TravisCITestTests;
				PRODUCT_NAME = "$(TARGET_NAME)";
				SWIFT_VERSION = 4.2;
				TARGETED_DEVICE_FAMILY = "1,2";
				TEST_HOST = "$(BUILT_PRODUCTS_DIR)/TravisCITest.app/TravisCITest";
			};
			name = Release;
		};
/* End XCBuildConfiguration section */

/* Begin XCConfigurationList section */
		23044F2421E26C1300C9D481 /* Build configuration list for PBXProject "TravisCITest" */ = {
			isa = XCConfigurationList;
			buildConfigurations = (
				23044F3921E26C1400C9D481 /* Debug */,
				23044F3A21E26C1400C9D481 /* Release */,
			);
			defaultConfigurationIsVisible = 0;
			defaultConfigurationName = Release;
		};
		23044F3B21E26C1400C9D481 /* Build configuration list for PBXNativeTarget "TravisCITest" */ = {
			isa = XCConfigurationList;
			buildConfigurations = (
				23044F3C21E26C1400C9D481 /* Debug */,
				23044F3D21E26C1400C9D481 /* Release */,
			);
			defaultConfigurationIsVisible = 0;
			defaultConfigurationName = Release;
		};
		23044F4B21E29C2400C9D481 /* Build configuration list for PBXNativeTarget "TravisCITestTests" */ = {
			isa = XCConfigurationList;
			buildConfigurations = (
				23044F4921E29C2400C9D481 /* Debug */,
				23044F4A21E29C2400C9D481 /* Release */,
			);
			defaultConfigurationIsVisible = 0;
			defaultConfigurationName = Release;
		};
/* End XCConfigurationList section */
	};
	rootObject = 23044F2121E26C1300C9D481 /* Project object */;
}
